
Microsoft Visual Studio Solution File, Format Version 12.00
# Visual Studio Version 17
VisualStudioVersion = 17.0.31903.59
MinimumVisualStudioVersion = 10.0.40219.1
Project("{2150E333-8FDC-42A3-9474-1A3956D46DE8}") = "Common", "Common", "{036509EF-CDE3-4623-9FF9-FA3DD3C803CF}"
EndProject
Project("{2150E333-8FDC-42A3-9474-1A3956D46DE8}") = "RabixChat", "RabixChat", "{2012E718-75A0-41E0-B95E-BB2239C75801}"
EndProject
Project("{FAE04EC0-301F-11D3-BF4B-00C04F79EFBC}") = "Common", "Common\Common.csproj", "{FAEEE1B0-C5ED-4222-8FC1-16AE08CA5A48}"
EndProject
Project("{FAE04EC0-301F-11D3-BF4B-00C04F79EFBC}") = "Common.Cassandra", "Common.Cassandra\Common.Cassandra.csproj", "{64A76938-1285-4119-9737-C38E88A42DF5}"
EndProject
Project("{FAE04EC0-301F-11D3-BF4B-00C04F79EFBC}") = "Common.Redis", "Common.Redis\Common.Redis.csproj", "{C4989BF2-D39E-4195-8455-BCFA7D4FD5CB}"
EndProject
Project("{FAE04EC0-301F-11D3-BF4B-00C04F79EFBC}") = "Common.Minio", "Common.Minio\Common.Minio.csproj", "{538FC0B5-B183-448A-9E29-07A93D613362}"
EndProject
Project("{FAE04EC0-301F-11D3-BF4B-00C04F79EFBC}") = "Common.Npgsql", "Common.Npgsql\Common.Npgsql.csproj", "{482F2B9C-2A2C-4AFC-849B-6E874CF54F5E}"
EndProject
Project("{FAE04EC0-301F-11D3-BF4B-00C04F79EFBC}") = "Common.OpenTelemetry", "Common.OpenTelemetry\Common.OpenTelemetry.csproj", "{93B4C108-444D-4DCD-AAD9-1718A93572C9}"
EndProject
Project("{FAE04EC0-301F-11D3-BF4B-00C04F79EFBC}") = "Common.AspNet", "Common.AspNet\Common.AspNet.csproj", "{994265E0-69D5-4B7A-A9ED-1BC3307BFD91}"
EndProject
Project("{2150E333-8FDC-42A3-9474-1A3956D46DE8}") = "RabixChat.Bff", "RabixChat.Bff", "{8B1E4920-F329-4ED8-9078-37FBED26D707}"
EndProject
Project("{2150E333-8FDC-42A3-9474-1A3956D46DE8}") = "RabixChat.Chats", "RabixChat.Chats", "{631A9351-A6F9-4C67-9A46-D96748CEDF78}"
EndProject
Project("{2150E333-8FDC-42A3-9474-1A3956D46DE8}") = "RabixChat.Config", "RabixChat.Config", "{3F52B77E-46EC-4407-BA2C-1FF04F5EF19B}"
EndProject
Project("{2150E333-8FDC-42A3-9474-1A3956D46DE8}") = "RabixChat.IdGen", "RabixChat.IdGen", "{B5F65D64-2AF9-4757-8FFE-D019A0B6FC3E}"
EndProject
Project("{2150E333-8FDC-42A3-9474-1A3956D46DE8}") = "RabixChat.Messaging", "RabixChat.Messaging", "{7D714219-2CAA-437F-9590-3CEEE1DB22A5}"
EndProject
Project("{2150E333-8FDC-42A3-9474-1A3956D46DE8}") = "RabixChat.User", "RabixChat.User", "{C82DF77D-F0B7-4EA1-B957-22A0ABE009B1}"
EndProject
Project("{FAE04EC0-301F-11D3-BF4B-00C04F79EFBC}") = "RabixChat.Backplane", "RabixChat.Backplane\RabixChat.Backplane.csproj", "{C4B95461-0ADA-4150-9400-04AC8CE8F0F6}"
EndProject
Project("{FAE04EC0-301F-11D3-BF4B-00C04F79EFBC}") = "RabixChat.Bff.Contracts", "RabixChat.Bff.Contracts\RabixChat.Bff.Contracts.csproj", "{F21DB97C-D6A3-4BB0-9B56-93B1FD72AECC}"
EndProject
Project("{FAE04EC0-301F-11D3-BF4B-00C04F79EFBC}") = "RabixChat.Bff.Services", "RabixChat.Bff.Services\RabixChat.Bff.Services.csproj", "{5DC189D7-CFC4-4C28-A892-2963515BC11C}"
EndProject
Project("{FAE04EC0-301F-11D3-BF4B-00C04F79EFBC}") = "RabixChat.Chats.Services", "RabixChat.Chats.Services\RabixChat.Chats.Services.csproj", "{2410D950-3C38-4647-A568-AB6E8B1DBB76}"
EndProject
Project("{FAE04EC0-301F-11D3-BF4B-00C04F79EFBC}") = "RabixChat.Chats.Data", "RabixChat.Chats.Data\RabixChat.Chats.Data.csproj", "{83C10E35-0DD9-4740-9BEB-4CD19A3FDFB9}"
EndProject
Project("{FAE04EC0-301F-11D3-BF4B-00C04F79EFBC}") = "RabixChat.Chats.Contracts", "RabixChat.Chats.Contracts\RabixChat.Chats.Contracts.csproj", "{B822B144-6823-4B52-8835-D61F3A0D1D11}"
EndProject
Project("{FAE04EC0-301F-11D3-BF4B-00C04F79EFBC}") = "RabixChat.Chats.Client", "RabixChat.Chats.Client\RabixChat.Chats.Client.csproj", "{D8E24C66-03B8-47A4-9173-50DF8B244E57}"
EndProject
Project("{FAE04EC0-301F-11D3-BF4B-00C04F79EFBC}") = "RabixChat.Config", "RabixChat.Config\RabixChat.Config.csproj", "{243FED5A-7426-48CE-9698-732676BCFCAA}"
EndProject
Project("{FAE04EC0-301F-11D3-BF4B-00C04F79EFBC}") = "RabixChat.Config.Services", "RabixChat.Config.Services\RabixChat.Config.Services.csproj", "{9B9B6E0A-6C7F-44AF-8FBD-864798FBC5A1}"
EndProject
Project("{FAE04EC0-301F-11D3-BF4B-00C04F79EFBC}") = "RabixChat.Config.Data", "RabixChat.Config.Data\RabixChat.Config.Data.csproj", "{F5EBAA4C-1FB6-4241-9630-1480D80BB789}"
EndProject
Project("{FAE04EC0-301F-11D3-BF4B-00C04F79EFBC}") = "RabixChat.Config.Contracts", "RabixChat.Config.Contracts\RabixChat.Config.Contracts.csproj", "{38B2A7B4-E621-4308-8D7A-FD0CDBC38623}"
EndProject
Project("{FAE04EC0-301F-11D3-BF4B-00C04F79EFBC}") = "RabixChat.Config.Client", "RabixChat.Config.Client\RabixChat.Config.Client.csproj", "{71A05915-9AE7-48AA-AC96-9411C2F699D7}"
EndProject
Project("{FAE04EC0-301F-11D3-BF4B-00C04F79EFBC}") = "RabixChat.Contracts", "RabixChat.Contracts\RabixChat.Contracts.csproj", "{FECFA8AA-2F62-474B-AF17-90577EDC7382}"
EndProject
Project("{FAE04EC0-301F-11D3-BF4B-00C04F79EFBC}") = "RabixChat.Data", "RabixChat.Data\RabixChat.Data.csproj", "{669E44A9-150F-47E9-AD5B-875F9EDAEFC6}"
EndProject
Project("{FAE04EC0-301F-11D3-BF4B-00C04F79EFBC}") = "RabixChat.IdGen.Services", "RabixChat.IdGen.Services\RabixChat.IdGen.Services.csproj", "{F37F8C2C-1E53-4D18-A36C-A0401F006EC4}"
EndProject
Project("{FAE04EC0-301F-11D3-BF4B-00C04F79EFBC}") = "RabixChat.IdGen.Contracts", "RabixChat.IdGen.Contracts\RabixChat.IdGen.Contracts.csproj", "{8141743C-7A8B-45D8-B002-4B816C9458BA}"
EndProject
Project("{FAE04EC0-301F-11D3-BF4B-00C04F79EFBC}") = "RabixChat.IdGen.Client", "RabixChat.IdGen.Client\RabixChat.IdGen.Client.csproj", "{14FCFB36-8576-4BE4-A2B6-3ACFCA2720AA}"
EndProject
Project("{FAE04EC0-301F-11D3-BF4B-00C04F79EFBC}") = "RabixChat.Messaging.Contracts", "RabixChat.Messaging.Contracts\RabixChat.Messaging.Contracts.csproj", "{7F6CD18A-88A9-4FCF-BC15-9045854D8789}"
EndProject
Project("{FAE04EC0-301F-11D3-BF4B-00C04F79EFBC}") = "RabixChat.Server", "RabixChat.Server\RabixChat.Server.csproj", "{A25CAB13-BB02-4E85-B65A-D77B8D3FF5D3}"
EndProject
Project("{FAE04EC0-301F-11D3-BF4B-00C04F79EFBC}") = "RabixChat.User.Data", "RabixChat.User.Data\RabixChat.User.Data.csproj", "{17152986-AD47-403E-859D-BB3F58EF48A4}"
EndProject
Project("{FAE04EC0-301F-11D3-BF4B-00C04F79EFBC}") = "RabixChat.User.Services", "RabixChat.User.Services\RabixChat.User.Services.csproj", "{8EC6D70F-E2A2-4DC7-A7C3-8525F05884F8}"
EndProject
Project("{FAE04EC0-301F-11D3-BF4B-00C04F79EFBC}") = "RabixChat.User.Contracts", "RabixChat.User.Contracts\RabixChat.User.Contracts.csproj", "{583B26AF-EF0C-4E32-B358-BEA1F0E3E91C}"
EndProject
Project("{FAE04EC0-301F-11D3-BF4B-00C04F79EFBC}") = "RabixChat.User.Client", "RabixChat.User.Client\RabixChat.User.Client.csproj", "{A3DE9BC3-3FA3-4FEF-802F-6F0718F985EC}"
EndProject
Project("{2150E333-8FDC-42A3-9474-1A3956D46DE8}") = "certificates", "certificates", "{1694D1B1-3F03-47BC-9850-405FBA9F61B6}"
EndProject
Project("{FAE04EC0-301F-11D3-BF4B-00C04F79EFBC}") = "RabixChat.Messaging.Services", "RabixChat.Messaging.Services\RabixChat.Messaging.Services.csproj", "{60D8093D-60B6-47E7-A77A-B9830D746E20}"
EndProject
Project("{FAE04EC0-301F-11D3-BF4B-00C04F79EFBC}") = "RabixChat.Messaging.Client", "RabixChat.Messaging.Client\RabixChat.Messaging.Client.csproj", "{E7A72579-3F9C-487D-A36D-50EE67053D8A}"
EndProject
Global
	GlobalSection(SolutionConfigurationPlatforms) = preSolution
		Debug|Any CPU = Debug|Any CPU
		Release|Any CPU = Release|Any CPU
	EndGlobalSection
	GlobalSection(SolutionProperties) = preSolution
		HideSolutionNode = FALSE
	EndGlobalSection
	GlobalSection(NestedProjects) = preSolution
		{FAEEE1B0-C5ED-4222-8FC1-16AE08CA5A48} = {036509EF-CDE3-4623-9FF9-FA3DD3C803CF}
		{64A76938-1285-4119-9737-C38E88A42DF5} = {036509EF-CDE3-4623-9FF9-FA3DD3C803CF}
		{C4989BF2-D39E-4195-8455-BCFA7D4FD5CB} = {036509EF-CDE3-4623-9FF9-FA3DD3C803CF}
		{538FC0B5-B183-448A-9E29-07A93D613362} = {036509EF-CDE3-4623-9FF9-FA3DD3C803CF}
		{482F2B9C-2A2C-4AFC-849B-6E874CF54F5E} = {036509EF-CDE3-4623-9FF9-FA3DD3C803CF}
		{93B4C108-444D-4DCD-AAD9-1718A93572C9} = {036509EF-CDE3-4623-9FF9-FA3DD3C803CF}
		{994265E0-69D5-4B7A-A9ED-1BC3307BFD91} = {036509EF-CDE3-4623-9FF9-FA3DD3C803CF}
		{8B1E4920-F329-4ED8-9078-37FBED26D707} = {2012E718-75A0-41E0-B95E-BB2239C75801}
		{631A9351-A6F9-4C67-9A46-D96748CEDF78} = {2012E718-75A0-41E0-B95E-BB2239C75801}
		{3F52B77E-46EC-4407-BA2C-1FF04F5EF19B} = {2012E718-75A0-41E0-B95E-BB2239C75801}
		{B5F65D64-2AF9-4757-8FFE-D019A0B6FC3E} = {2012E718-75A0-41E0-B95E-BB2239C75801}
		{7D714219-2CAA-437F-9590-3CEEE1DB22A5} = {2012E718-75A0-41E0-B95E-BB2239C75801}
		{C82DF77D-F0B7-4EA1-B957-22A0ABE009B1} = {2012E718-75A0-41E0-B95E-BB2239C75801}
		{C4B95461-0ADA-4150-9400-04AC8CE8F0F6} = {2012E718-75A0-41E0-B95E-BB2239C75801}
		{F21DB97C-D6A3-4BB0-9B56-93B1FD72AECC} = {8B1E4920-F329-4ED8-9078-37FBED26D707}
		{5DC189D7-CFC4-4C28-A892-2963515BC11C} = {8B1E4920-F329-4ED8-9078-37FBED26D707}
		{2410D950-3C38-4647-A568-AB6E8B1DBB76} = {631A9351-A6F9-4C67-9A46-D96748CEDF78}
		{83C10E35-0DD9-4740-9BEB-4CD19A3FDFB9} = {631A9351-A6F9-4C67-9A46-D96748CEDF78}
		{B822B144-6823-4B52-8835-D61F3A0D1D11} = {631A9351-A6F9-4C67-9A46-D96748CEDF78}
		{D8E24C66-03B8-47A4-9173-50DF8B244E57} = {631A9351-A6F9-4C67-9A46-D96748CEDF78}
		{243FED5A-7426-48CE-9698-732676BCFCAA} = {3F52B77E-46EC-4407-BA2C-1FF04F5EF19B}
		{9B9B6E0A-6C7F-44AF-8FBD-864798FBC5A1} = {3F52B77E-46EC-4407-BA2C-1FF04F5EF19B}
		{F5EBAA4C-1FB6-4241-9630-1480D80BB789} = {3F52B77E-46EC-4407-BA2C-1FF04F5EF19B}
		{38B2A7B4-E621-4308-8D7A-FD0CDBC38623} = {3F52B77E-46EC-4407-BA2C-1FF04F5EF19B}
		{71A05915-9AE7-48AA-AC96-9411C2F699D7} = {3F52B77E-46EC-4407-BA2C-1FF04F5EF19B}
		{FECFA8AA-2F62-474B-AF17-90577EDC7382} = {2012E718-75A0-41E0-B95E-BB2239C75801}
		{669E44A9-150F-47E9-AD5B-875F9EDAEFC6} = {2012E718-75A0-41E0-B95E-BB2239C75801}
		{F37F8C2C-1E53-4D18-A36C-A0401F006EC4} = {B5F65D64-2AF9-4757-8FFE-D019A0B6FC3E}
		{8141743C-7A8B-45D8-B002-4B816C9458BA} = {B5F65D64-2AF9-4757-8FFE-D019A0B6FC3E}
		{14FCFB36-8576-4BE4-A2B6-3ACFCA2720AA} = {B5F65D64-2AF9-4757-8FFE-D019A0B6FC3E}
		{7F6CD18A-88A9-4FCF-BC15-9045854D8789} = {7D714219-2CAA-437F-9590-3CEEE1DB22A5}
		{A25CAB13-BB02-4E85-B65A-D77B8D3FF5D3} = {2012E718-75A0-41E0-B95E-BB2239C75801}
		{17152986-AD47-403E-859D-BB3F58EF48A4} = {C82DF77D-F0B7-4EA1-B957-22A0ABE009B1}
		{8EC6D70F-E2A2-4DC7-A7C3-8525F05884F8} = {C82DF77D-F0B7-4EA1-B957-22A0ABE009B1}
		{583B26AF-EF0C-4E32-B358-BEA1F0E3E91C} = {C82DF77D-F0B7-4EA1-B957-22A0ABE009B1}
		{A3DE9BC3-3FA3-4FEF-802F-6F0718F985EC} = {C82DF77D-F0B7-4EA1-B957-22A0ABE009B1}
		{60D8093D-60B6-47E7-A77A-B9830D746E20} = {7D714219-2CAA-437F-9590-3CEEE1DB22A5}
		{E7A72579-3F9C-487D-A36D-50EE67053D8A} = {7D714219-2CAA-437F-9590-3CEEE1DB22A5}
	EndGlobalSection
	GlobalSection(ProjectConfigurationPlatforms) = postSolution
		{FAEEE1B0-C5ED-4222-8FC1-16AE08CA5A48}.Debug|Any CPU.ActiveCfg = Debug|Any CPU
		{FAEEE1B0-C5ED-4222-8FC1-16AE08CA5A48}.Debug|Any CPU.Build.0 = Debug|Any CPU
		{FAEEE1B0-C5ED-4222-8FC1-16AE08CA5A48}.Release|Any CPU.ActiveCfg = Release|Any CPU
		{FAEEE1B0-C5ED-4222-8FC1-16AE08CA5A48}.Release|Any CPU.Build.0 = Release|Any CPU
		{64A76938-1285-4119-9737-C38E88A42DF5}.Debug|Any CPU.ActiveCfg = Debug|Any CPU
		{64A76938-1285-4119-9737-C38E88A42DF5}.Debug|Any CPU.Build.0 = Debug|Any CPU
		{64A76938-1285-4119-9737-C38E88A42DF5}.Release|Any CPU.ActiveCfg = Release|Any CPU
		{64A76938-1285-4119-9737-C38E88A42DF5}.Release|Any CPU.Build.0 = Release|Any CPU
		{C4989BF2-D39E-4195-8455-BCFA7D4FD5CB}.Debug|Any CPU.ActiveCfg = Debug|Any CPU
		{C4989BF2-D39E-4195-8455-BCFA7D4FD5CB}.Debug|Any CPU.Build.0 = Debug|Any CPU
		{C4989BF2-D39E-4195-8455-BCFA7D4FD5CB}.Release|Any CPU.ActiveCfg = Release|Any CPU
		{C4989BF2-D39E-4195-8455-BCFA7D4FD5CB}.Release|Any CPU.Build.0 = Release|Any CPU
		{538FC0B5-B183-448A-9E29-07A93D613362}.Debug|Any CPU.ActiveCfg = Debug|Any CPU
		{538FC0B5-B183-448A-9E29-07A93D613362}.Debug|Any CPU.Build.0 = Debug|Any CPU
		{538FC0B5-B183-448A-9E29-07A93D613362}.Release|Any CPU.ActiveCfg = Release|Any CPU
		{538FC0B5-B183-448A-9E29-07A93D613362}.Release|Any CPU.Build.0 = Release|Any CPU
		{482F2B9C-2A2C-4AFC-849B-6E874CF54F5E}.Debug|Any CPU.ActiveCfg = Debug|Any CPU
		{482F2B9C-2A2C-4AFC-849B-6E874CF54F5E}.Debug|Any CPU.Build.0 = Debug|Any CPU
		{482F2B9C-2A2C-4AFC-849B-6E874CF54F5E}.Release|Any CPU.ActiveCfg = Release|Any CPU
		{482F2B9C-2A2C-4AFC-849B-6E874CF54F5E}.Release|Any CPU.Build.0 = Release|Any CPU
		{93B4C108-444D-4DCD-AAD9-1718A93572C9}.Debug|Any CPU.ActiveCfg = Debug|Any CPU
		{93B4C108-444D-4DCD-AAD9-1718A93572C9}.Debug|Any CPU.Build.0 = Debug|Any CPU
		{93B4C108-444D-4DCD-AAD9-1718A93572C9}.Release|Any CPU.ActiveCfg = Release|Any CPU
		{93B4C108-444D-4DCD-AAD9-1718A93572C9}.Release|Any CPU.Build.0 = Release|Any CPU
		{994265E0-69D5-4B7A-A9ED-1BC3307BFD91}.Debug|Any CPU.ActiveCfg = Debug|Any CPU
		{994265E0-69D5-4B7A-A9ED-1BC3307BFD91}.Debug|Any CPU.Build.0 = Debug|Any CPU
		{994265E0-69D5-4B7A-A9ED-1BC3307BFD91}.Release|Any CPU.ActiveCfg = Release|Any CPU
		{994265E0-69D5-4B7A-A9ED-1BC3307BFD91}.Release|Any CPU.Build.0 = Release|Any CPU
		{C4B95461-0ADA-4150-9400-04AC8CE8F0F6}.Debug|Any CPU.ActiveCfg = Debug|Any CPU
		{C4B95461-0ADA-4150-9400-04AC8CE8F0F6}.Debug|Any CPU.Build.0 = Debug|Any CPU
		{C4B95461-0ADA-4150-9400-04AC8CE8F0F6}.Release|Any CPU.ActiveCfg = Release|Any CPU
		{C4B95461-0ADA-4150-9400-04AC8CE8F0F6}.Release|Any CPU.Build.0 = Release|Any CPU
		{F21DB97C-D6A3-4BB0-9B56-93B1FD72AECC}.Debug|Any CPU.ActiveCfg = Debug|Any CPU
		{F21DB97C-D6A3-4BB0-9B56-93B1FD72AECC}.Debug|Any CPU.Build.0 = Debug|Any CPU
		{F21DB97C-D6A3-4BB0-9B56-93B1FD72AECC}.Release|Any CPU.ActiveCfg = Release|Any CPU
		{F21DB97C-D6A3-4BB0-9B56-93B1FD72AECC}.Release|Any CPU.Build.0 = Release|Any CPU
		{5DC189D7-CFC4-4C28-A892-2963515BC11C}.Debug|Any CPU.ActiveCfg = Debug|Any CPU
		{5DC189D7-CFC4-4C28-A892-2963515BC11C}.Debug|Any CPU.Build.0 = Debug|Any CPU
		{5DC189D7-CFC4-4C28-A892-2963515BC11C}.Release|Any CPU.ActiveCfg = Release|Any CPU
		{5DC189D7-CFC4-4C28-A892-2963515BC11C}.Release|Any CPU.Build.0 = Release|Any CPU
		{2410D950-3C38-4647-A568-AB6E8B1DBB76}.Debug|Any CPU.ActiveCfg = Debug|Any CPU
		{2410D950-3C38-4647-A568-AB6E8B1DBB76}.Debug|Any CPU.Build.0 = Debug|Any CPU
		{2410D950-3C38-4647-A568-AB6E8B1DBB76}.Release|Any CPU.ActiveCfg = Release|Any CPU
		{2410D950-3C38-4647-A568-AB6E8B1DBB76}.Release|Any CPU.Build.0 = Release|Any CPU
		{83C10E35-0DD9-4740-9BEB-4CD19A3FDFB9}.Debug|Any CPU.ActiveCfg = Debug|Any CPU
		{83C10E35-0DD9-4740-9BEB-4CD19A3FDFB9}.Debug|Any CPU.Build.0 = Debug|Any CPU
		{83C10E35-0DD9-4740-9BEB-4CD19A3FDFB9}.Release|Any CPU.ActiveCfg = Release|Any CPU
		{83C10E35-0DD9-4740-9BEB-4CD19A3FDFB9}.Release|Any CPU.Build.0 = Release|Any CPU
		{B822B144-6823-4B52-8835-D61F3A0D1D11}.Debug|Any CPU.ActiveCfg = Debug|Any CPU
		{B822B144-6823-4B52-8835-D61F3A0D1D11}.Debug|Any CPU.Build.0 = Debug|Any CPU
		{B822B144-6823-4B52-8835-D61F3A0D1D11}.Release|Any CPU.ActiveCfg = Release|Any CPU
		{B822B144-6823-4B52-8835-D61F3A0D1D11}.Release|Any CPU.Build.0 = Release|Any CPU
		{D8E24C66-03B8-47A4-9173-50DF8B244E57}.Debug|Any CPU.ActiveCfg = Debug|Any CPU
		{D8E24C66-03B8-47A4-9173-50DF8B244E57}.Debug|Any CPU.Build.0 = Debug|Any CPU
		{D8E24C66-03B8-47A4-9173-50DF8B244E57}.Release|Any CPU.ActiveCfg = Release|Any CPU
		{D8E24C66-03B8-47A4-9173-50DF8B244E57}.Release|Any CPU.Build.0 = Release|Any CPU
		{243FED5A-7426-48CE-9698-732676BCFCAA}.Debug|Any CPU.ActiveCfg = Debug|Any CPU
		{243FED5A-7426-48CE-9698-732676BCFCAA}.Debug|Any CPU.Build.0 = Debug|Any CPU
		{243FED5A-7426-48CE-9698-732676BCFCAA}.Release|Any CPU.ActiveCfg = Release|Any CPU
		{243FED5A-7426-48CE-9698-732676BCFCAA}.Release|Any CPU.Build.0 = Release|Any CPU
		{9B9B6E0A-6C7F-44AF-8FBD-864798FBC5A1}.Debug|Any CPU.ActiveCfg = Debug|Any CPU
		{9B9B6E0A-6C7F-44AF-8FBD-864798FBC5A1}.Debug|Any CPU.Build.0 = Debug|Any CPU
		{9B9B6E0A-6C7F-44AF-8FBD-864798FBC5A1}.Release|Any CPU.ActiveCfg = Release|Any CPU
		{9B9B6E0A-6C7F-44AF-8FBD-864798FBC5A1}.Release|Any CPU.Build.0 = Release|Any CPU
		{F5EBAA4C-1FB6-4241-9630-1480D80BB789}.Debug|Any CPU.ActiveCfg = Debug|Any CPU
		{F5EBAA4C-1FB6-4241-9630-1480D80BB789}.Debug|Any CPU.Build.0 = Debug|Any CPU
		{F5EBAA4C-1FB6-4241-9630-1480D80BB789}.Release|Any CPU.ActiveCfg = Release|Any CPU
		{F5EBAA4C-1FB6-4241-9630-1480D80BB789}.Release|Any CPU.Build.0 = Release|Any CPU
		{38B2A7B4-E621-4308-8D7A-FD0CDBC38623}.Debug|Any CPU.ActiveCfg = Debug|Any CPU
		{38B2A7B4-E621-4308-8D7A-FD0CDBC38623}.Debug|Any CPU.Build.0 = Debug|Any CPU
		{38B2A7B4-E621-4308-8D7A-FD0CDBC38623}.Release|Any CPU.ActiveCfg = Release|Any CPU
		{38B2A7B4-E621-4308-8D7A-FD0CDBC38623}.Release|Any CPU.Build.0 = Release|Any CPU
		{71A05915-9AE7-48AA-AC96-9411C2F699D7}.Debug|Any CPU.ActiveCfg = Debug|Any CPU
		{71A05915-9AE7-48AA-AC96-9411C2F699D7}.Debug|Any CPU.Build.0 = Debug|Any CPU
		{71A05915-9AE7-48AA-AC96-9411C2F699D7}.Release|Any CPU.ActiveCfg = Release|Any CPU
		{71A05915-9AE7-48AA-AC96-9411C2F699D7}.Release|Any CPU.Build.0 = Release|Any CPU
		{FECFA8AA-2F62-474B-AF17-90577EDC7382}.Debug|Any CPU.ActiveCfg = Debug|Any CPU
		{FECFA8AA-2F62-474B-AF17-90577EDC7382}.Debug|Any CPU.Build.0 = Debug|Any CPU
		{FECFA8AA-2F62-474B-AF17-90577EDC7382}.Release|Any CPU.ActiveCfg = Release|Any CPU
		{FECFA8AA-2F62-474B-AF17-90577EDC7382}.Release|Any CPU.Build.0 = Release|Any CPU
		{669E44A9-150F-47E9-AD5B-875F9EDAEFC6}.Debug|Any CPU.ActiveCfg = Debug|Any CPU
		{669E44A9-150F-47E9-AD5B-875F9EDAEFC6}.Debug|Any CPU.Build.0 = Debug|Any CPU
		{669E44A9-150F-47E9-AD5B-875F9EDAEFC6}.Release|Any CPU.ActiveCfg = Release|Any CPU
		{669E44A9-150F-47E9-AD5B-875F9EDAEFC6}.Release|Any CPU.Build.0 = Release|Any CPU
		{F37F8C2C-1E53-4D18-A36C-A0401F006EC4}.Debug|Any CPU.ActiveCfg = Debug|Any CPU
		{F37F8C2C-1E53-4D18-A36C-A0401F006EC4}.Debug|Any CPU.Build.0 = Debug|Any CPU
		{F37F8C2C-1E53-4D18-A36C-A0401F006EC4}.Release|Any CPU.ActiveCfg = Release|Any CPU
		{F37F8C2C-1E53-4D18-A36C-A0401F006EC4}.Release|Any CPU.Build.0 = Release|Any CPU
		{8141743C-7A8B-45D8-B002-4B816C9458BA}.Debug|Any CPU.ActiveCfg = Debug|Any CPU
		{8141743C-7A8B-45D8-B002-4B816C9458BA}.Debug|Any CPU.Build.0 = Debug|Any CPU
		{8141743C-7A8B-45D8-B002-4B816C9458BA}.Release|Any CPU.ActiveCfg = Release|Any CPU
		{8141743C-7A8B-45D8-B002-4B816C9458BA}.Release|Any CPU.Build.0 = Release|Any CPU
		{14FCFB36-8576-4BE4-A2B6-3ACFCA2720AA}.Debug|Any CPU.ActiveCfg = Debug|Any CPU
		{14FCFB36-8576-4BE4-A2B6-3ACFCA2720AA}.Debug|Any CPU.Build.0 = Debug|Any CPU
		{14FCFB36-8576-4BE4-A2B6-3ACFCA2720AA}.Release|Any CPU.ActiveCfg = Release|Any CPU
		{14FCFB36-8576-4BE4-A2B6-3ACFCA2720AA}.Release|Any CPU.Build.0 = Release|Any CPU
		{7F6CD18A-88A9-4FCF-BC15-9045854D8789}.Debug|Any CPU.ActiveCfg = Debug|Any CPU
		{7F6CD18A-88A9-4FCF-BC15-9045854D8789}.Debug|Any CPU.Build.0 = Debug|Any CPU
		{7F6CD18A-88A9-4FCF-BC15-9045854D8789}.Release|Any CPU.ActiveCfg = Release|Any CPU
		{7F6CD18A-88A9-4FCF-BC15-9045854D8789}.Release|Any CPU.Build.0 = Release|Any CPU
		{A25CAB13-BB02-4E85-B65A-D77B8D3FF5D3}.Debug|Any CPU.ActiveCfg = Debug|Any CPU
		{A25CAB13-BB02-4E85-B65A-D77B8D3FF5D3}.Debug|Any CPU.Build.0 = Debug|Any CPU
		{A25CAB13-BB02-4E85-B65A-D77B8D3FF5D3}.Release|Any CPU.ActiveCfg = Release|Any CPU
		{A25CAB13-BB02-4E85-B65A-D77B8D3FF5D3}.Release|Any CPU.Build.0 = Release|Any CPU
		{17152986-AD47-403E-859D-BB3F58EF48A4}.Debug|Any CPU.ActiveCfg = Debug|Any CPU
		{17152986-AD47-403E-859D-BB3F58EF48A4}.Debug|Any CPU.Build.0 = Debug|Any CPU
		{17152986-AD47-403E-859D-BB3F58EF48A4}.Release|Any CPU.ActiveCfg = Release|Any CPU
		{17152986-AD47-403E-859D-BB3F58EF48A4}.Release|Any CPU.Build.0 = Release|Any CPU
		{8EC6D70F-E2A2-4DC7-A7C3-8525F05884F8}.Debug|Any CPU.ActiveCfg = Debug|Any CPU
		{8EC6D70F-E2A2-4DC7-A7C3-8525F05884F8}.Debug|Any CPU.Build.0 = Debug|Any CPU
		{8EC6D70F-E2A2-4DC7-A7C3-8525F05884F8}.Release|Any CPU.ActiveCfg = Release|Any CPU
		{8EC6D70F-E2A2-4DC7-A7C3-8525F05884F8}.Release|Any CPU.Build.0 = Release|Any CPU
		{583B26AF-EF0C-4E32-B358-BEA1F0E3E91C}.Debug|Any CPU.ActiveCfg = Debug|Any CPU
		{583B26AF-EF0C-4E32-B358-BEA1F0E3E91C}.Debug|Any CPU.Build.0 = Debug|Any CPU
		{583B26AF-EF0C-4E32-B358-BEA1F0E3E91C}.Release|Any CPU.ActiveCfg = Release|Any CPU
		{583B26AF-EF0C-4E32-B358-BEA1F0E3E91C}.Release|Any CPU.Build.0 = Release|Any CPU
		{A3DE9BC3-3FA3-4FEF-802F-6F0718F985EC}.Debug|Any CPU.ActiveCfg = Debug|Any CPU
		{A3DE9BC3-3FA3-4FEF-802F-6F0718F985EC}.Debug|Any CPU.Build.0 = Debug|Any CPU
		{A3DE9BC3-3FA3-4FEF-802F-6F0718F985EC}.Release|Any CPU.ActiveCfg = Release|Any CPU
		{A3DE9BC3-3FA3-4FEF-802F-6F0718F985EC}.Release|Any CPU.Build.0 = Release|Any CPU
		{60D8093D-60B6-47E7-A77A-B9830D746E20}.Debug|Any CPU.ActiveCfg = Debug|Any CPU
		{60D8093D-60B6-47E7-A77A-B9830D746E20}.Debug|Any CPU.Build.0 = Debug|Any CPU
		{60D8093D-60B6-47E7-A77A-B9830D746E20}.Release|Any CPU.ActiveCfg = Release|Any CPU
		{60D8093D-60B6-47E7-A77A-B9830D746E20}.Release|Any CPU.Build.0 = Release|Any CPU
		{E7A72579-3F9C-487D-A36D-50EE67053D8A}.Debug|Any CPU.ActiveCfg = Debug|Any CPU
		{E7A72579-3F9C-487D-A36D-50EE67053D8A}.Debug|Any CPU.Build.0 = Debug|Any CPU
		{E7A72579-3F9C-487D-A36D-50EE67053D8A}.Release|Any CPU.ActiveCfg = Release|Any CPU
		{E7A72579-3F9C-487D-A36D-50EE67053D8A}.Release|Any CPU.Build.0 = Release|Any CPU
	EndGlobalSection
EndGlobal
